
Microsoft Visual Studio Solution File, Format Version 12.00
# Visual Studio Version 17
VisualStudioVersion = 17.4.33213.308
MinimumVisualStudioVersion = 10.0.40219.1
Project("{FAE04EC0-301F-11D3-BF4B-00C04F79EFBC}") = "RaceSimulator", "RaceSimulator\RaceSimulator.csproj", "{BF34D51F-93CA-48C1-BF74-777C26CB96C9}"
EndProject
Global
	GlobalSection(SolutionConfigurationPlatforms) = preSolution
		Debug|Any CPU = Debug|Any CPU
		Release|Any CPU = Release|Any CPU
	EndGlobalSection
	GlobalSection(ProjectConfigurationPlatforms) = postSolution
		{BF34D51F-93CA-48C1-BF74-777C26CB96C9}.Debug|Any CPU.ActiveCfg = Debug|Any CPU
		{BF34D51F-93CA-48C1-BF74-777C26CB96C9}.Debug|Any CPU.Build.0 = Debug|Any CPU
		{BF34D51F-93CA-48C1-BF74-777C26CB96C9}.Release|Any CPU.ActiveCfg = Release|Any CPU
		{BF34D51F-93CA-48C1-BF74-777C26CB96C9}.Release|Any CPU.Build.0 = Release|Any CPU
	EndGlobalSection
	GlobalSection(SolutionProperties) = preSolution
		HideSolutionNode = FALSE
	EndGlobalSection
	GlobalSection(ExtensibilityGlobals) = postSolution
		SolutionGuid = {0A583674-5CC2-42D4-8808-4207CC7972DE}
	EndGlobalSection
EndGlobal
